{
    "_meta": {
        "hash": {
            "sha256": "00c6ca3988665d6ca2f46d493a3bcb4727930674f6eba3d921dc1ee036635185"
        },
        "pipfile-spec": 6,
        "requires": {
            "python_version": "3.8"
        },
        "sources": [
            {
                "name": "pypi",
                "url": "https://pypi.org/simple",
                "verify_ssl": true
            }
        ]
    },
    "default": {
        "anyio": {
            "hashes": [
                "sha256:23009af4ed04ce05991845451e11ef02fc7c5ed29179ac9a420e5ad0ac7ddc5b",
                "sha256:c011ee36bc1e8ba40e5a81cb9df91925c218fe9b778554e0b56a21e1b5d4716f"
            ],
            "markers": "python_version >= '3.8'",
            "version": "==4.5.2"
        },
        "backports-zoneinfo": {
            "hashes": [
                "sha256:17746bd546106fa389c51dbea67c8b7c8f0d14b5526a579ca6ccf5ed72c526cf",
                "sha256:1b13e654a55cd45672cb54ed12148cd33628f672548f373963b0bff67b217328",
                "sha256:1c5742112073a563c81f786e77514969acb58649bcdf6cdf0b4ed31a348d4546",
                "sha256:4a0f800587060bf8880f954dbef70de6c11bbe59c673c3d818921f042f9954a6",
                "sha256:5c144945a7752ca544b4b78c8c41544cdfaf9786f25fe5ffb10e838e19a27570",
                "sha256:7b0a64cda4145548fed9efc10322770f929b944ce5cee6c0dfe0c87bf4c0c8c9",
                "sha256:8439c030a11780786a2002261569bdf362264f605dfa4d65090b64b05c9f79a7",
                "sha256:8961c0f32cd0336fb8e8ead11a1f8cd99ec07145ec2931122faaac1c8f7fd987",
                "sha256:89a48c0d158a3cc3f654da4c2de1ceba85263fafb861b98b59040a5086259722",
                "sha256:a76b38c52400b762e48131494ba26be363491ac4f9a04c1b7e92483d169f6582",
                "sha256:da6013fd84a690242c310d77ddb8441a559e9cb3d3d59ebac9aca1a57b2e18bc",
                "sha256:e55b384612d93be96506932a786bbcde5a2db7a9e6a4bb4bffe8b733f5b9036b",
                "sha256:e81b76cace8eda1fca50e345242ba977f9be6ae3945af8d46326d776b4cf78d1",
                "sha256:e8236383a20872c0cdf5a62b554b27538db7fa1bbec52429d8d106effbaeca08",
                "sha256:f04e857b59d9d1ccc39ce2da1021d196e47234873820cbeaad210724b1ee28ac",
                "sha256:fadbfe37f74051d024037f223b8e001611eac868b5c5b06144ef4d8b799862f2"
            ],
            "markers": "python_version >= '3.6'",
            "version": "==0.2.1"
        },
        "blinker": {
            "hashes": [
                "sha256:1779309f71bf239144b9399d06ae925637cf6634cf6bd131104184531bf67c01",
                "sha256:8f77b09d3bf7c795e969e9486f39c2c5e9c39d4ee07424be2bc594ece9642d83"
            ],
            "markers": "python_version >= '3.8'",
            "version": "==1.8.2"
        },
        "docutils": {
            "hashes": [
                "sha256:96f387a2c5562db4476f09f13bbab2192e764cac08ebbf3a34a95d9b1e4a59d6",
                "sha256:f08a4e276c3a1583a86dce3e34aba3fe04d02bba2dd51ed16106244e8a923e3b"
            ],
            "markers": "python_version >= '3.7'",
            "version": "==0.20.1"
        },
        "exceptiongroup": {
            "hashes": [
                "sha256:8b412432c6055b0b7d14c310000ae93352ed6754f70fa8f7c34141f91c4e3219",
                "sha256:a7a39a3bd276781e98394987d3a5701d0c4edffb633bb7a5144577f82c773598"
            ],
            "markers": "python_version >= '3.7'",
            "version": "==1.3.1"
        },
        "feedgenerator": {
            "hashes": [
                "sha256:93b7ce1c5a86195cafd6a8e9baf6a2a863ebd6d9905e840ce5778f73efd9a8d5",
                "sha256:f075f23f28fd227f097c36b212161c6cf012e1c6caaf7ff53d5d6bb02cd42b9d"
            ],
            "markers": "python_version >= '3.7'",
            "version": "==2.1.0"
        },
        "ghp-import": {
            "hashes": [
                "sha256:8337dd7b50877f163d4c0289bc1f1c7f127550241988d568c1db512c4324a619",
                "sha256:9c535c4c61193c2df8871222567d7fd7e5014d835f97dc7b7439069e2413d343"
            ],
            "index": "pypi",
            "version": "==2.1.0"
        },
        "idna": {
            "hashes": [
                "sha256:048adeaf8c2d788c40fee287673ccaa74c24ffd8dcf09ffa555a2fbb59f10ac8",
                "sha256:ca962446ea538f7092a95e057da437618e886f4d349216d2b1e294abfdb65fdc"
            ],
            "markers": "python_version >= '3.8'",
            "version": "==3.15"
        },
        "importlib-metadata": {
            "hashes": [
                "sha256:45e54197d28b7a7f1559e60b95e7c567032b602131fbd588f1497f47880aa68b",
                "sha256:71522656f0abace1d072b9e5481a48f07c138e00f079c38c8f883823f9c26bd7"
            ],
            "markers": "python_version >= '3.8'",
            "version": "==8.5.0"
        },
        "jinja2": {
            "hashes": [
                "sha256:0137fb05990d35f1275a587e9aee6d56da821fc83491a0fb838183be43f66d6d",
                "sha256:85ece4451f492d0c13c5dd7c13a64681a86afae63a5f347908daf103ce6d2f67"
            ],
            "markers": "python_version >= '3.7'",
            "version": "==3.1.6"
        },
        "markdown": {
            "hashes": [
                "sha256:2ae2471477cfd02dbbf038d5d9bc226d40def84b4fe2986e49b59b6b472bbed2",
                "sha256:7eb6df5690b81a1d7942992c97fad2938e956e79df20cbc6186e9c3a77b1c803"
            ],
            "index": "pypi",
            "markers": "python_version >= '3.8'",
            "version": "==3.7"
        },
        "markdown-it-py": {
            "hashes": [
                "sha256:355216845c60bd96232cd8d8c40e8f9765cc86f46880e43a8fd22dc1a1a8cab1",
                "sha256:e3f60a94fa066dc52ec76661e37c851cb232d92f9886b15cb560aaada2df8feb"
            ],
            "markers": "python_version >= '3.8'",
            "version": "==3.0.0"
        },
        "markupsafe": {
            "hashes": [
                "sha256:00e046b6dd71aa03a41079792f8473dc494d564611a8f89bbbd7cb93295ebdcf",
                "sha256:075202fa5b72c86ad32dc7d0b56024ebdbcf2048c0ba09f1cde31bfdd57bcfff",
                "sha256:0e397ac966fdf721b2c528cf028494e86172b4feba51d65f81ffd65c63798f3f",
                "sha256:17b950fccb810b3293638215058e432159d2b71005c74371d784862b7e4683f3",
                "sha256:1f3fbcb7ef1f16e48246f704ab79d79da8a46891e2da03f8783a5b6fa41a9532",
                "sha256:2174c595a0d73a3080ca3257b40096db99799265e1c27cc5a610743acd86d62f",
                "sha256:2b7c57a4dfc4f16f7142221afe5ba4e093e09e728ca65c51f5620c9aaeb9a617",
                "sha256:2d2d793e36e230fd32babe143b04cec8a8b3eb8a3122d2aceb4a371e6b09b8df",
                "sha256:30b600cf0a7ac9234b2638fbc0fb6158ba5bdcdf46aeb631ead21248b9affbc4",
                "sha256:397081c1a0bfb5124355710fe79478cdbeb39626492b15d399526ae53422b906",
                "sha256:3a57fdd7ce31c7ff06cdfbf31dafa96cc533c21e443d57f5b1ecc6cdc668ec7f",
                "sha256:3c6b973f22eb18a789b1460b4b91bf04ae3f0c4234a0a6aa6b0a92f6f7b951d4",
                "sha256:3e53af139f8579a6d5f7b76549125f0d94d7e630761a2111bc431fd820e163b8",
                "sha256:4096e9de5c6fdf43fb4f04c26fb114f61ef0bf2e5604b6ee3019d51b69e8c371",
                "sha256:4275d846e41ecefa46e2015117a9f491e57a71ddd59bbead77e904dc02b1bed2",
                "sha256:4c31f53cdae6ecfa91a77820e8b151dba54ab528ba65dfd235c80b086d68a465",
                "sha256:4f11aa001c540f62c6166c7726f71f7573b52c68c31f014c25cc7901deea0b52",
                "sha256:5049256f536511ee3f7e1b3f87d1d1209d327e818e6ae1365e8653d7e3abb6a6",
                "sha256:58c98fee265677f63a4385256a6d7683ab1832f3ddd1e66fe948d5880c21a169",
                "sha256:598e3276b64aff0e7b3451b72e94fa3c238d452e7ddcd893c3ab324717456bad",
                "sha256:5b7b716f97b52c5a14bffdf688f971b2d5ef4029127f1ad7a513973cfd818df2",
                "sha256:5dedb4db619ba5a2787a94d877bc8ffc0566f92a01c0ef214865e54ecc9ee5e0",
                "sha256:619bc166c4f2de5caa5a633b8b7326fbe98e0ccbfacabd87268a2b15ff73a029",
                "sha256:629ddd2ca402ae6dbedfceeba9c46d5f7b2a61d9749597d4307f943ef198fc1f",
                "sha256:656f7526c69fac7f600bd1f400991cc282b417d17539a1b228617081106feb4a",
                "sha256:6ec585f69cec0aa07d945b20805be741395e28ac1627333b1c5b0105962ffced",
                "sha256:72b6be590cc35924b02c78ef34b467da4ba07e4e0f0454a2c5907f473fc50ce5",
                "sha256:7502934a33b54030eaf1194c21c692a534196063db72176b0c4028e140f8f32c",
                "sha256:7a68b554d356a91cce1236aa7682dc01df0edba8d043fd1ce607c49dd3c1edcf",
                "sha256:7b2e5a267c855eea6b4283940daa6e88a285f5f2a67f2220203786dfa59b37e9",
                "sha256:823b65d8706e32ad2df51ed89496147a42a2a6e01c13cfb6ffb8b1e92bc910bb",
                "sha256:8590b4ae07a35970728874632fed7bd57b26b0102df2d2b233b6d9d82f6c62ad",
                "sha256:8dd717634f5a044f860435c1d8c16a270ddf0ef8588d4887037c5028b859b0c3",
                "sha256:8dec4936e9c3100156f8a2dc89c4b88d5c435175ff03413b443469c7c8c5f4d1",
                "sha256:97cafb1f3cbcd3fd2b6fbfb99ae11cdb14deea0736fc2b0952ee177f2b813a46",
                "sha256:a17a92de5231666cfbe003f0e4b9b3a7ae3afb1ec2845aadc2bacc93ff85febc",
                "sha256:a549b9c31bec33820e885335b451286e2969a2d9e24879f83fe904a5ce59d70a",
                "sha256:ac07bad82163452a6884fe8fa0963fb98c2346ba78d779ec06bd7a6262132aee",
                "sha256:ae2ad8ae6ebee9d2d94b17fb62763125f3f374c25618198f40cbb8b525411900",
                "sha256:b91c037585eba9095565a3556f611e3cbfaa42ca1e865f7b8015fe5c7336d5a5",
                "sha256:bc1667f8b83f48511b94671e0e441401371dfd0f0a795c7daa4a3cd1dde55bea",
                "sha256:bec0a414d016ac1a18862a519e54b2fd0fc8bbfd6890376898a6c0891dd82e9f",
                "sha256:bf50cd79a75d181c9181df03572cdce0fbb75cc353bc350712073108cba98de5",
                "sha256:bff1b4290a66b490a2f4719358c0cdcd9bafb6b8f061e45c7a2460866bf50c2e",
                "sha256:c061bb86a71b42465156a3ee7bd58c8c2ceacdbeb95d05a99893e08b8467359a",
                "sha256:c8b29db45f8fe46ad280a7294f5c3ec36dbac9491f2d1c17345be8e69cc5928f",
                "sha256:ce409136744f6521e39fd8e2a24c53fa18ad67aa5bc7c2cf83645cce5b5c4e50",
                "sha256:d050b3361367a06d752db6ead6e7edeb0009be66bc3bae0ee9d97fb326badc2a",
                "sha256:d283d37a890ba4c1ae73ffadf8046435c76e7bc2247bbb63c00bd1a709c6544b",
                "sha256:d9fad5155d72433c921b782e58892377c44bd6252b5af2f67f16b194987338a4",
                "sha256:daa4ee5a243f0f20d528d939d06670a298dd39b1ad5f8a72a4275124a7819eff",
                "sha256:db0b55e0f3cc0be60c1f19efdde9a637c32740486004f20d1cff53c3c0ece4d2",
                "sha256:e61659ba32cf2cf1481e575d0462554625196a1f2fc06a1c777d3f48e8865d46",
                "sha256:ea3d8a3d18833cf4304cd2fc9cbb1efe188ca9b5efef2bdac7adc20594a0e46b",
                "sha256:ec6a563cff360b50eed26f13adc43e61bc0c04d94b8be985e6fb24b81f6dcfdf",
                "sha256:f5dfb42c4604dddc8e4305050aa6deb084540643ed5804d7455b5df8fe16f5e5",
                "sha256:fa173ec60341d6bb97a89f5ea19c85c5643c1e7dedebc22f5181eb73573142c5",
                "sha256:fa9db3f79de01457b03d4f01b34cf91bc0048eb2c3846ff26f66687c2f6d16ab",
                "sha256:fce659a462a1be54d2ffcacea5e3ba2d74daa74f30f5f143fe0c58636e355fdd",
                "sha256:ffee1f21e5ef0d712f9033568f8344d5da8cc2869dbd08d87c84656e6a2d2f68"
            ],
            "markers": "python_version >= '3.7'",
            "version": "==2.1.5"
        },
        "mdurl": {
            "hashes": [
                "sha256:84008a41e51615a49fc9966191ff91509e3c40b939176e643fd50a5c2196b8f8",
                "sha256:bb413d29f5eea38f31dd4754dd7377d4465116fb207585f97bf925588687c1ba"
            ],
            "markers": "python_version >= '3.7'",
            "version": "==0.1.2"
        },
        "ordered-set": {
            "hashes": [
                "sha256:046e1132c71fcf3330438a539928932caf51ddbc582496833e23de611de14562",
                "sha256:694a8e44c87657c59292ede72891eb91d34131f6531463aab3009191c77364a8"
            ],
            "markers": "python_version >= '3.7'",
            "version": "==4.1.0"
        },
        "pelican": {
            "hashes": [
                "sha256:04932e82dc7542bae7f1830710978836ca00608aa4ece7206dc13185a08c4562",
                "sha256:534b3c279b9630a006b5687ea6e8e6113ca17c64ac45f4328cf66bf0be367bdf"
            ],
            "index": "pypi",
            "markers": "python_full_version >= '3.8.1' and python_version < '4.0'",
            "version": "==4.10.2"
        },
        "pelican-render-math": {
            "hashes": [
                "sha256:168c58168b22875d966df81f7d660bf9cc2206b7cf4fde46dab63536c87a5438",
                "sha256:8ec02b410346d50d27211b7e0474516eb0bedf3e1b748d34f84d7cd8e85c859a"
            ],
            "index": "pypi",
            "markers": "python_version >= '3.6' and python_version < '4.0'",
            "version": "==1.0.3"
        },
        "pygments": {
            "hashes": [
                "sha256:636cb2477cec7f8952536970bc533bc43743542f70392ae026374600add5b887",
                "sha256:86540386c03d588bb81d44bc3928634ff26449851e99741617ecb9037ee5ec0b"
            ],
            "markers": "python_version >= '3.8'",
            "version": "==2.19.2"
        },
        "python-dateutil": {
            "hashes": [
                "sha256:37dd54208da7e1cd875388217d5e00ebd4179249f90fb72437e91a35459a0ad3",
                "sha256:a8b2bc7bffae282281c8140a97d3aa9c14da0b136dfe83f850eea9a5f7470427"
            ],
            "markers": "python_version >= '2.7' and python_version not in '3.0, 3.1, 3.2'",
            "version": "==2.9.0.post0"
        },
        "pytz": {
            "hashes": [
                "sha256:04156e608bee23d3792fd45c94ae47fae1036688e75032eea2e3bf0323d1f126",
                "sha256:0e60b47b29f21574376f218fe21abc009894a2321ea16c6754f3cad6eb7cdd6a"
            ],
            "version": "==2026.2"
        },
        "rich": {
            "hashes": [
                "sha256:07e7adb4690f68864777b1450859253bed81a99a31ac321ac1817b2313558952",
                "sha256:817e02727f2b25b40ef56f5aa2217f400c8489f79ca8f46ea2b70dd5e14558a9"
            ],
            "markers": "python_full_version >= '3.8.0'",
            "version": "==14.3.4"
        },
        "six": {
            "hashes": [
                "sha256:4721f391ed90541fddacab5acf947aa0d3dc7d27b2e1e8eda2be8970586c3274",
                "sha256:ff70335d468e7eb6ec65b95b99d3a2836546063f63acc5171de367e834932a81"
            ],
            "markers": "python_version >= '2.7' and python_version not in '3.0, 3.1, 3.2'",
            "version": "==1.17.0"
        },
        "smartypants": {
            "hashes": [
                "sha256:39d64ce1d7cc6964b698297bdf391bc12c3251b7f608e6e55d857cd7c5f800c6",
                "sha256:9471578606e8ee0740065bf8771f55fec8c83313cb98c5d1c1864ddd389d0f3a"
            ],
            "version": "==2.0.2"
        },
        "sniffio": {
            "hashes": [
                "sha256:2f6da418d1f1e0fddd844478f41680e794e6051915791a034ff65e5f100525a2",
                "sha256:f4324edc670a0f49750a81b895f35c3adb843cca46f0530f79fc1babb23789dc"
            ],
            "markers": "python_version >= '3.7'",
            "version": "==1.3.1"
        },
        "typing-extensions": {
            "hashes": [
                "sha256:a439e7c04b49fec3e5d3e2beaa21755cadbbdc391694e28ccdd36ca4a1408f8c",
                "sha256:e6c81219bd689f51865d9e372991c540bda33a0379d5573cddb9a3a23f7caaef"
            ],
            "markers": "python_version >= '3.8'",
            "version": "==4.13.2"
        },
        "typogrify": {
            "hashes": [
                "sha256:8be4668cda434163ce229d87ca273a11922cb1614cb359970b7dc96eed13cb38"
            ],
            "version": "==2.0.7"
        },
        "unidecode": {
            "hashes": [
                "sha256:c3c7606c27503ad8d501270406e345ddb480a7b5f38827eafe4fa82a137f0021",
                "sha256:ce35985008338b676573023acc382d62c264f307c8f7963733405add37ea2b23"
            ],
            "markers": "python_version >= '3.7'",
            "version": "==1.4.0"
        },
        "watchfiles": {
            "hashes": [
                "sha256:01550ccf1d0aed6ea375ef259706af76ad009ef5b0203a3a4cce0f6024f9b68a",
                "sha256:01def80eb62bd5db99a798d5e1f5f940ca0a05986dcfae21d833af7a46f7ee22",
                "sha256:07cdef0c84c03375f4e24642ef8d8178e533596b229d32d2bbd69e5128ede02a",
                "sha256:083dc77dbdeef09fa44bb0f4d1df571d2e12d8a8f985dccde71ac3ac9ac067a0",
                "sha256:1cf1f6dd7825053f3d98f6d33f6464ebdd9ee95acd74ba2c34e183086900a827",
                "sha256:21ab23fdc1208086d99ad3f69c231ba265628014d4aed31d4e8746bd59e88cd1",
                "sha256:2dadf8a8014fde6addfd3c379e6ed1a981c8f0a48292d662e27cabfe4239c83c",
                "sha256:2e28d91ef48eab0afb939fa446d8ebe77e2f7593f5f463fd2bb2b14132f95b6e",
                "sha256:2efec17819b0046dde35d13fb8ac7a3ad877af41ae4640f4109d9154ed30a188",
                "sha256:30bbd525c3262fd9f4b1865cb8d88e21161366561cd7c9e1194819e0a33ea86b",
                "sha256:316449aefacf40147a9efaf3bd7c9bdd35aaba9ac5d708bd1eb5763c9a02bef5",
                "sha256:327763da824817b38ad125dcd97595f942d720d32d879f6c4ddf843e3da3fe90",
                "sha256:32aa53a9a63b7f01ed32e316e354e81e9da0e6267435c7243bf8ae0f10b428ef",
                "sha256:34e19e56d68b0dad5cff62273107cf5d9fbaf9d75c46277aa5d803b3ef8a9e9b",
                "sha256:3770e260b18e7f4e576edca4c0a639f704088602e0bc921c5c2e721e3acb8d15",
                "sha256:3d2e3ab79a1771c530233cadfd277fcc762656d50836c77abb2e5e72b88e3a48",
                "sha256:41face41f036fee09eba33a5b53a73e9a43d5cb2c53dad8e61fa6c9f91b5a51e",
                "sha256:43e3e37c15a8b6fe00c1bce2473cfa8eb3484bbeecf3aefbf259227e487a03df",
                "sha256:449f43f49c8ddca87c6b3980c9284cab6bd1f5c9d9a2b00012adaaccd5e7decd",
                "sha256:4933a508d2f78099162da473841c652ad0de892719043d3f07cc83b33dfd9d91",
                "sha256:49d617df841a63b4445790a254013aea2120357ccacbed00253f9c2b5dc24e2d",
                "sha256:49fb58bcaa343fedc6a9e91f90195b20ccb3135447dc9e4e2570c3a39565853e",
                "sha256:4a7fa2bc0efef3e209a8199fd111b8969fe9db9c711acc46636686331eda7dd4",
                "sha256:4abf4ad269856618f82dee296ac66b0cd1d71450fc3c98532d93798e73399b7a",
                "sha256:4b8693502d1967b00f2fb82fc1e744df128ba22f530e15b763c8d82baee15370",
                "sha256:4d28cea3c976499475f5b7a2fec6b3a36208656963c1a856d328aeae056fc5c1",
                "sha256:5148c2f1ea043db13ce9b0c28456e18ecc8f14f41325aa624314095b6aa2e9ea",
                "sha256:54ca90a9ae6597ae6dc00e7ed0a040ef723f84ec517d3e7ce13e63e4bc82fa04",
                "sha256:551ec3ee2a3ac9cbcf48a4ec76e42c2ef938a7e905a35b42a1267fa4b1645896",
                "sha256:5c51749f3e4e269231510da426ce4a44beb98db2dce9097225c338f815b05d4f",
                "sha256:632676574429bee8c26be8af52af20e0c718cc7f5f67f3fb658c71928ccd4f7f",
                "sha256:6509ed3f467b79d95fc62a98229f79b1a60d1b93f101e1c61d10c95a46a84f43",
                "sha256:6bdcfa3cd6fdbdd1a068a52820f46a815401cbc2cb187dd006cb076675e7b735",
                "sha256:7138eff8baa883aeaa074359daabb8b6c1e73ffe69d5accdc907d62e50b1c0da",
                "sha256:7211b463695d1e995ca3feb38b69227e46dbd03947172585ecb0588f19b0d87a",
                "sha256:73bde715f940bea845a95247ea3e5eb17769ba1010efdc938ffcb967c634fa61",
                "sha256:78470906a6be5199524641f538bd2c56bb809cd4bf29a566a75051610bc982c3",
                "sha256:7ae3e208b31be8ce7f4c2c0034f33406dd24fbce3467f77223d10cd86778471c",
                "sha256:7e4bd963a935aaf40b625c2499f3f4f6bbd0c3776f6d3bc7c853d04824ff1c9f",
                "sha256:82ae557a8c037c42a6ef26c494d0631cacca040934b101d001100ed93d43f361",
                "sha256:82b2509f08761f29a0fdad35f7e1638b8ab1adfa2666d41b794090361fb8b855",
                "sha256:8360f7314a070c30e4c976b183d1d8d1585a4a50c5cb603f431cebcbb4f66327",
                "sha256:85d5f0c7771dcc7a26c7a27145059b6bb0ce06e4e751ed76cdf123d7039b60b5",
                "sha256:88bcd4d0fe1d8ff43675360a72def210ebad3f3f72cabfeac08d825d2639b4ab",
                "sha256:9301c689051a4857d5b10777da23fafb8e8e921bcf3abe6448a058d27fb67633",
                "sha256:951088d12d339690a92cef2ec5d3cfd957692834c72ffd570ea76a6790222777",
                "sha256:95cf3b95ea665ab03f5a54765fa41abf0529dbaf372c3b83d91ad2cfa695779b",
                "sha256:96619302d4374de5e2345b2b622dc481257a99431277662c30f606f3e22f42be",
                "sha256:999928c6434372fde16c8f27143d3e97201160b48a614071261701615a2a156f",
                "sha256:9a60e2bf9dc6afe7f743e7c9b149d1fdd6dbf35153c78fe3a14ae1a9aee3d98b",
                "sha256:9f895d785eb6164678ff4bb5cc60c5996b3ee6df3edb28dcdeba86a13ea0465e",
                "sha256:a2a9891723a735d3e2540651184be6fd5b96880c08ffe1a98bae5017e65b544b",
                "sha256:a974231b4fdd1bb7f62064a0565a6b107d27d21d9acb50c484d2cdba515b9366",
                "sha256:aa0fd7248cf533c259e59dc593a60973a73e881162b1a2f73360547132742823",
                "sha256:acbfa31e315a8f14fe33e3542cbcafc55703b8f5dcbb7c1eecd30f141df50db3",
                "sha256:afb72325b74fa7a428c009c1b8be4b4d7c2afedafb2982827ef2156646df2fe1",
                "sha256:b3ef2c69c655db63deb96b3c3e587084612f9b1fa983df5e0c3379d41307467f",
                "sha256:b52a65e4ea43c6d149c5f8ddb0bef8d4a1e779b77591a458a893eb416624a418",
                "sha256:b665caeeda58625c3946ad7308fbd88a086ee51ccb706307e5b1fa91556ac886",
                "sha256:b74fdffce9dfcf2dc296dec8743e5b0332d15df19ae464f0e249aa871fc1c571",
                "sha256:b995bfa6bf01a9e09b884077a6d37070464b529d8682d7691c2d3b540d357a0c",
                "sha256:bd82010f8ab451dabe36054a1622870166a67cf3fce894f68895db6f74bbdc94",
                "sha256:bdcd5538e27f188dd3c804b4a8d5f52a7fc7f87e7fd6b374b8e36a4ca03db428",
                "sha256:c79d7719d027b7a42817c5d96461a99b6a49979c143839fc37aa5748c322f234",
                "sha256:cdab9555053399318b953a1fe1f586e945bc8d635ce9d05e617fd9fe3a4687d6",
                "sha256:ce72dba6a20e39a0c628258b5c308779b8697f7676c254a845715e2a1039b968",
                "sha256:d337193bbf3e45171c8025e291530fb7548a93c45253897cd764a6a71c937ed9",
                "sha256:d3dcb774e3568477275cc76554b5a565024b8ba3a0322f77c246bc7111c5bb9c",
                "sha256:d64ba08db72e5dfd5c33be1e1e687d5e4fcce09219e8aee893a4862034081d4e",
                "sha256:d7a2e3b7f5703ffbd500dabdefcbc9eafeff4b9444bbdd5d83d79eedf8428fab",
                "sha256:d831ee0a50946d24a53821819b2327d5751b0c938b12c0653ea5be7dea9c82ec",
                "sha256:d9018153cf57fc302a2a34cb7564870b859ed9a732d16b41a9b5cb2ebed2d444",
                "sha256:e5171ef898299c657685306d8e1478a45e9303ddcd8ac5fed5bd52ad4ae0b69b",
                "sha256:e94e98c7cb94cfa6e071d401ea3342767f28eb5a06a58fafdc0d2a4974f4f35c",
                "sha256:ec39698c45b11d9694a1b635a70946a5bad066b593af863460a8e600f0dff1ca",
                "sha256:ed9aba6e01ff6f2e8285e5aa4154e2970068fe0fc0998c4380d0e6278222269b",
                "sha256:edf71b01dec9f766fb285b73930f95f730bb0943500ba0566ae234b5c1618c18",
                "sha256:ee82c98bed9d97cd2f53bdb035e619309a098ea53ce525833e26b93f673bc318",
                "sha256:f4c96283fca3ee09fb044f02156d9570d156698bc3734252175a38f0e8975f07",
                "sha256:f7d9b87c4c55e3ea8881dfcbf6d61ea6775fffed1fedffaa60bd047d3c08c430",
                "sha256:f83df90191d67af5a831da3a33dd7628b02a95450e168785586ed51e6d28943c",
                "sha256:fca9433a45f18b7c779d2bae7beeec4f740d28b788b117a48368d95a3233ed83",
                "sha256:fd92bbaa2ecdb7864b7600dcdb6f2f1db6e0346ed425fbd01085be04c63f0b05"
            ],
            "markers": "python_version >= '3.8'",
            "version": "==0.24.0"
        },
        "zipp": {
            "hashes": [
                "sha256:a817ac80d6cf4b23bf7f2828b7cabf326f15a001bea8b1f9b49631780ba28350",
                "sha256:bc9eb26f4506fda01b81bcde0ca78103b6e62f991b381fec825435c836edbc29"
            ],
            "markers": "python_version >= '3.8'",
            "version": "==3.20.2"
        }
    },
    "develop": {}
}
